
Microsoft Visual Studio Solution File, Format Version 12.00
# Visual Studio Version 17
VisualStudioVersion = 17.10.35013.160
MinimumVisualStudioVersion = 10.0.40219.1
Project("{FAE04EC0-301F-11D3-BF4B-00C04F79EFBC}") = "PanelsCreation", "PanelsCreation\PanelsCreation.csproj", "{C69C6ACE-A43A-4035-80BC-ED0790C54720}"
EndProject
Global
	GlobalSection(SolutionConfigurationPlatforms) = preSolution
		Debug|Any CPU = Debug|Any CPU
		Release|Any CPU = Release|Any CPU
	EndGlobalSection
	GlobalSection(ProjectConfigurationPlatforms) = postSolution
		{C69C6ACE-A43A-4035-80BC-ED0790C54720}.Debug|Any CPU.ActiveCfg = Debug|Any CPU
		{C69C6ACE-A43A-4035-80BC-ED0790C54720}.Debug|Any CPU.Build.0 = Debug|Any CPU
		{C69C6ACE-A43A-4035-80BC-ED0790C54720}.Release|Any CPU.ActiveCfg = Release|Any CPU
		{C69C6ACE-A43A-4035-80BC-ED0790C54720}.Release|Any CPU.Build.0 = Release|Any CPU
	EndGlobalSection
	GlobalSection(SolutionProperties) = preSolution
		HideSolutionNode = FALSE
	EndGlobalSection
	GlobalSection(ExtensibilityGlobals) = postSolution
		SolutionGuid = {92FB449C-861F-4F99-B9E8-B0851C77B1AA}
	EndGlobalSection
EndGlobal
